
Microsoft Visual Studio Solution File, Format Version 12.00
# Visual Studio 15
VisualStudioVersion = 15.0.26124.0
MinimumVisualStudioVersion = 15.0.26124.0
Project("{FAE04EC0-301F-11D3-BF4B-00C04F79EFBC}") = "OnlineBS.Api", "OnlineBS.Api\OnlineBS.Api.csproj", "{BC05F859-FEE0-4DEF-BA72-4FB21828DF52}"
EndProject
Project("{FAE04EC0-301F-11D3-BF4B-00C04F79EFBC}") = "OnlineBS.Infra", "OnlineBS.Infra\OnlineBS.Infra.csproj", "{57016BB3-047E-4B90-A2BA-5765C83BE0E1}"
EndProject
Project("{FAE04EC0-301F-11D3-BF4B-00C04F79EFBC}") = "OnlineBS.Domain", "OnlineBS.Domain\OnlineBS.Domain.csproj", "{77031DDF-28D8-4DF4-A189-72E2360C0D40}"
EndProject
Global
	GlobalSection(SolutionConfigurationPlatforms) = preSolution
		Debug|Any CPU = Debug|Any CPU
		Debug|x64 = Debug|x64
		Debug|x86 = Debug|x86
		Release|Any CPU = Release|Any CPU
		Release|x64 = Release|x64
		Release|x86 = Release|x86
	EndGlobalSection
	GlobalSection(SolutionProperties) = preSolution
		HideSolutionNode = FALSE
	EndGlobalSection
	GlobalSection(ProjectConfigurationPlatforms) = postSolution
		{BC05F859-FEE0-4DEF-BA72-4FB21828DF52}.Debug|Any CPU.ActiveCfg = Debug|Any CPU
		{BC05F859-FEE0-4DEF-BA72-4FB21828DF52}.Debug|Any CPU.Build.0 = Debug|Any CPU
		{BC05F859-FEE0-4DEF-BA72-4FB21828DF52}.Debug|x64.ActiveCfg = Debug|Any CPU
		{BC05F859-FEE0-4DEF-BA72-4FB21828DF52}.Debug|x64.Build.0 = Debug|Any CPU
		{BC05F859-FEE0-4DEF-BA72-4FB21828DF52}.Debug|x86.ActiveCfg = Debug|Any CPU
		{BC05F859-FEE0-4DEF-BA72-4FB21828DF52}.Debug|x86.Build.0 = Debug|Any CPU
		{BC05F859-FEE0-4DEF-BA72-4FB21828DF52}.Release|Any CPU.ActiveCfg = Release|Any CPU
		{BC05F859-FEE0-4DEF-BA72-4FB21828DF52}.Release|Any CPU.Build.0 = Release|Any CPU
		{BC05F859-FEE0-4DEF-BA72-4FB21828DF52}.Release|x64.ActiveCfg = Release|Any CPU
		{BC05F859-FEE0-4DEF-BA72-4FB21828DF52}.Release|x64.Build.0 = Release|Any CPU
		{BC05F859-FEE0-4DEF-BA72-4FB21828DF52}.Release|x86.ActiveCfg = Release|Any CPU
		{BC05F859-FEE0-4DEF-BA72-4FB21828DF52}.Release|x86.Build.0 = Release|Any CPU
		{57016BB3-047E-4B90-A2BA-5765C83BE0E1}.Debug|Any CPU.ActiveCfg = Debug|Any CPU
		{57016BB3-047E-4B90-A2BA-5765C83BE0E1}.Debug|Any CPU.Build.0 = Debug|Any CPU
		{57016BB3-047E-4B90-A2BA-5765C83BE0E1}.Debug|x64.ActiveCfg = Debug|Any CPU
		{57016BB3-047E-4B90-A2BA-5765C83BE0E1}.Debug|x64.Build.0 = Debug|Any CPU
		{57016BB3-047E-4B90-A2BA-5765C83BE0E1}.Debug|x86.ActiveCfg = Debug|Any CPU
		{57016BB3-047E-4B90-A2BA-5765C83BE0E1}.Debug|x86.Build.0 = Debug|Any CPU
		{57016BB3-047E-4B90-A2BA-5765C83BE0E1}.Release|Any CPU.ActiveCfg = Release|Any CPU
		{57016BB3-047E-4B90-A2BA-5765C83BE0E1}.Release|Any CPU.Build.0 = Release|Any CPU
		{57016BB3-047E-4B90-A2BA-5765C83BE0E1}.Release|x64.ActiveCfg = Release|Any CPU
		{57016BB3-047E-4B90-A2BA-5765C83BE0E1}.Release|x64.Build.0 = Release|Any CPU
		{57016BB3-047E-4B90-A2BA-5765C83BE0E1}.Release|x86.ActiveCfg = Release|Any CPU
		{57016BB3-047E-4B90-A2BA-5765C83BE0E1}.Release|x86.Build.0 = Release|Any CPU
		{77031DDF-28D8-4DF4-A189-72E2360C0D40}.Debug|Any CPU.ActiveCfg = Debug|Any CPU
		{77031DDF-28D8-4DF4-A189-72E2360C0D40}.Debug|Any CPU.Build.0 = Debug|Any CPU
		{77031DDF-28D8-4DF4-A189-72E2360C0D40}.Debug|x64.ActiveCfg = Debug|Any CPU
		{77031DDF-28D8-4DF4-A189-72E2360C0D40}.Debug|x64.Build.0 = Debug|Any CPU
		{77031DDF-28D8-4DF4-A189-72E2360C0D40}.Debug|x86.ActiveCfg = Debug|Any CPU
		{77031DDF-28D8-4DF4-A189-72E2360C0D40}.Debug|x86.Build.0 = Debug|Any CPU
		{77031DDF-28D8-4DF4-A189-72E2360C0D40}.Release|Any CPU.ActiveCfg = Release|Any CPU
		{77031DDF-28D8-4DF4-A189-72E2360C0D40}.Release|Any CPU.Build.0 = Release|Any CPU
		{77031DDF-28D8-4DF4-A189-72E2360C0D40}.Release|x64.ActiveCfg = Release|Any CPU
		{77031DDF-28D8-4DF4-A189-72E2360C0D40}.Release|x64.Build.0 = Release|Any CPU
		{77031DDF-28D8-4DF4-A189-72E2360C0D40}.Release|x86.ActiveCfg = Release|Any CPU
		{77031DDF-28D8-4DF4-A189-72E2360C0D40}.Release|x86.Build.0 = Release|Any CPU
	EndGlobalSection
EndGlobal
